// !$*UTF8*$!
{
	archiveVersion = 1;
	classes = {
	};
	objectVersion = 46;
	objects = {

/* Begin PBXAggregateTarget section */
		05BA05DFA100429CBBEF216E /* ALL_BUILD */ = {
			isa = PBXAggregateTarget;
			buildConfigurationList = E058A1D9EFEC43938F77AE93 /* Build configuration list for PBXAggregateTarget "ALL_BUILD" */;
			buildPhases = (
				CBF11F1DF103EB1F18CC34CE /* Generate CMakeFiles/ALL_BUILD */,
			);
			dependencies = (
				42124EA704AF4CEF9C475110 /* PBXTargetDependency */,
			);
			name = ALL_BUILD;
			productName = ALL_BUILD;
		};
		58DA9F1102744490BB55AD72 /* install */ = {
			isa = PBXAggregateTarget;
			buildConfigurationList = 5E785B6F8DD94D978A67DAC3 /* Build configuration list for PBXAggregateTarget "install" */;
			buildPhases = (
				93426DA6A4AC2C2AC9CE883C /* CMake PostBuild Rules */,
			);
			dependencies = (
				5669C12CCA834E179DB33B7E /* PBXTargetDependency */,
			);
			name = install;
			productName = install;
		};
		746B8765C86343A8B30C28E4 /* ZERO_CHECK */ = {
			isa = PBXAggregateTarget;
			buildConfigurationList = 7C5B9A90B82F43CCA4176988 /* Build configuration list for PBXAggregateTarget "ZERO_CHECK" */;
			buildPhases = (
				8380758018A496D9775D9597 /* Generate CMakeFiles/ZERO_CHECK */,
			);
			dependencies = (
			);
			name = ZERO_CHECK;
			productName = ZERO_CHECK;
		};
/* End PBXAggregateTarget section */

/* Begin PBXBuildStyle section */
		0522CD4C304F4920A1C2FF3B /* Release */ = {
			isa = PBXBuildStyle;
			buildSettings = {
				COPY_PHASE_STRIP = NO;
			};
			name = Release;
		};
		82E9084BE58E49B2AD74A316 /* MinSizeRel */ = {
			isa = PBXBuildStyle;
			buildSettings = {
				COPY_PHASE_STRIP = NO;
			};
			name = MinSizeRel;
		};
		B46614A6187442CD94D94CA1 /* RelWithDebInfo */ = {
			isa = PBXBuildStyle;
			buildSettings = {
				COPY_PHASE_STRIP = NO;
			};
			name = RelWithDebInfo;
		};
		BB74AD0AC7B14DC89E8B5D09 /* Debug */ = {
			isa = PBXBuildStyle;
			buildSettings = {
				COPY_PHASE_STRIP = NO;
			};
			name = Debug;
		};
/* End PBXBuildStyle section */

/* Begin PBXContainerItemProxy section */
		60853DBA47494DBC92E20204 /* PBXContainerItemProxy */ = {
			isa = PBXContainerItemProxy;
			containerPortal = 88E3E2992F934244A4F51A57 /* Project object */;
			proxyType = 1;
			remoteGlobalIDString = 05BA05DFA100429CBBEF216E;
			remoteInfo = ALL_BUILD;
		};
		C5259710E39C4648B854108A /* PBXContainerItemProxy */ = {
			isa = PBXContainerItemProxy;
			containerPortal = 88E3E2992F934244A4F51A57 /* Project object */;
			proxyType = 1;
			remoteGlobalIDString = 746B8765C86343A8B30C28E4;
			remoteInfo = ZERO_CHECK;
		};
/* End PBXContainerItemProxy section */

/* Begin PBXFileReference section */
		672DE32622CA4A829B649DB1 /* /Users/jamespearce/gamecube/SDL/JUCE/CMakeLists.txt */ = {isa = PBXFileReference; explicitFileType = sourcecode.text; fileEncoding = 4; name = CMakeLists.txt; path = CMakeLists.txt; sourceTree = SOURCE_ROOT; };
/* End PBXFileReference section */

/* Begin PBXGroup section */
		1F2EFDCE50B940B7BB3C978D /* Products */ = {
			isa = PBXGroup;
			children = (
			);
			name = Products;
			sourceTree = "<group>";
		};
		6617160EB15845CDB4B2F741 /* Frameworks */ = {
			isa = PBXGroup;
			children = (
			);
			name = Frameworks;
			sourceTree = "<group>";
		};
		66EA54916F214331A3E76C32 = {
			isa = PBXGroup;
			children = (
				D54163DE6AA8429796C2BD4D /* ALL_BUILD */,
				1F2EFDCE50B940B7BB3C978D /* Products */,
				6617160EB15845CDB4B2F741 /* Frameworks */,
				F5372826535440699D8ED919 /* Resources */,
			);
			sourceTree = "<group>";
		};
		87AA2CFF2C934257831B7FBD /* CMake Rules */ = {
			isa = PBXGroup;
			children = (
			);
			name = "CMake Rules";
			sourceTree = "<group>";
		};
		D54163DE6AA8429796C2BD4D /* ALL_BUILD */ = {
			isa = PBXGroup;
			children = (
				87AA2CFF2C934257831B7FBD /* CMake Rules */,
				672DE32622CA4A829B649DB1 /* /Users/jamespearce/gamecube/SDL/JUCE/CMakeLists.txt */,
			);
			name = ALL_BUILD;
			sourceTree = "<group>";
		};
		F5372826535440699D8ED919 /* Resources */ = {
			isa = PBXGroup;
			children = (
			);
			name = Resources;
			sourceTree = "<group>";
		};
/* End PBXGroup section */

/* Begin PBXProject section */
		88E3E2992F934244A4F51A57 /* Project object */ = {
			isa = PBXProject;
			attributes = {
				BuildIndependentTargetsInParallel = YES;
				LastUpgradeCheck = 1520;
			};
			buildConfigurationList = F8E0441DAFD34485B9ED93EA /* Build configuration list for PBXProject "JUCE" */;
			buildSettings = {
			};
			buildStyles = (
				BB74AD0AC7B14DC89E8B5D09 /* Debug */,
				0522CD4C304F4920A1C2FF3B /* Release */,
				82E9084BE58E49B2AD74A316 /* MinSizeRel */,
				B46614A6187442CD94D94CA1 /* RelWithDebInfo */,
			);
			compatibilityVersion = "Xcode 3.2";
			hasScannedForEncodings = 0;
			mainGroup = 66EA54916F214331A3E76C32;
			projectDirPath = /Users/jamespearce/gamecube/SDL/JUCE;
			projectRoot = "";
			targets = (
				05BA05DFA100429CBBEF216E /* ALL_BUILD */,
				746B8765C86343A8B30C28E4 /* ZERO_CHECK */,
				58DA9F1102744490BB55AD72 /* install */,
			);
		};
/* End PBXProject section */

/* Begin PBXShellScriptBuildPhase section */
		3C0110FC8322DE7E50886E21 = {
			isa = PBXShellScriptBuildPhase;
			buildActionMask = 2147483647;
			files = (
			);
			inputPaths = (
			);
			outputPaths = (
			);
			runOnlyForDeploymentPostprocessing = 0;
			shellPath = /bin/sh;
			shellScript = "# shell script goes here
exit 0";
			showEnvVarsInLog = 0;
		};
		8380758018A496D9775D9597 /* Generate CMakeFiles/ZERO_CHECK */ = {
			isa = PBXShellScriptBuildPhase;
			alwaysOutOfDate = 1;
			buildActionMask = 2147483647;
			files = (
			);
			inputPaths = (
			);
			name = "Generate CMakeFiles/ZERO_CHECK";
			outputPaths = (
/Users/jamespearce/gamecube/SDL/Builds/JUCE/CMakeFiles/ZERO_CHECK			);
			runOnlyForDeploymentPostprocessing = 0;
			shellPath = /bin/sh;
			shellScript = "set -e
if test \"$CONFIGURATION\" = \"Debug\"; then :
  cd /Users/jamespearce/gamecube/SDL/Builds/JUCE
  make -f /Users/jamespearce/gamecube/SDL/Builds/JUCE/CMakeScripts/ReRunCMake.make
fi
if test \"$CONFIGURATION\" = \"Release\"; then :
  cd /Users/jamespearce/gamecube/SDL/Builds/JUCE
  make -f /Users/jamespearce/gamecube/SDL/Builds/JUCE/CMakeScripts/ReRunCMake.make
fi
if test \"$CONFIGURATION\" = \"MinSizeRel\"; then :
  cd /Users/jamespearce/gamecube/SDL/Builds/JUCE
  make -f /Users/jamespearce/gamecube/SDL/Builds/JUCE/CMakeScripts/ReRunCMake.make
fi
if test \"$CONFIGURATION\" = \"RelWithDebInfo\"; then :
  cd /Users/jamespearce/gamecube/SDL/Builds/JUCE
  make -f /Users/jamespearce/gamecube/SDL/Builds/JUCE/CMakeScripts/ReRunCMake.make
fi
";
			showEnvVarsInLog = 0;
		};
		87AF4882E018677E2624B544 = {
			isa = PBXShellScriptBuildPhase;
			buildActionMask = 2147483647;
			files = (
			);
			inputPaths = (
			);
			outputPaths = (
			);
			runOnlyForDeploymentPostprocessing = 0;
			shellPath = /bin/sh;
			shellScript = "# shell script goes here
exit 0";
			showEnvVarsInLog = 0;
		};
		93426DA6A4AC2C2AC9CE883C /* CMake PostBuild Rules */ = {
			isa = PBXShellScriptBuildPhase;
			alwaysOutOfDate = 1;
			buildActionMask = 2147483647;
			files = (
			);
			name = "CMake PostBuild Rules";
			outputPaths = (
			);
			runOnlyForDeploymentPostprocessing = 0;
			shellPath = /bin/sh;
			shellScript = "set -e
if test \"$CONFIGURATION\" = \"Debug\"; then :
  cd /Users/jamespearce/gamecube/SDL/Builds/JUCE
  /usr/local/Cellar/cmake/3.28.2/bin/cmake -DBUILD_TYPE=$CONFIGURATION$EFFECTIVE_PLATFORM_NAME -P cmake_install.cmake
fi
if test \"$CONFIGURATION\" = \"Release\"; then :
  cd /Users/jamespearce/gamecube/SDL/Builds/JUCE
  /usr/local/Cellar/cmake/3.28.2/bin/cmake -DBUILD_TYPE=$CONFIGURATION$EFFECTIVE_PLATFORM_NAME -P cmake_install.cmake
fi
if test \"$CONFIGURATION\" = \"MinSizeRel\"; then :
  cd /Users/jamespearce/gamecube/SDL/Builds/JUCE
  /usr/local/Cellar/cmake/3.28.2/bin/cmake -DBUILD_TYPE=$CONFIGURATION$EFFECTIVE_PLATFORM_NAME -P cmake_install.cmake
fi
if test \"$CONFIGURATION\" = \"RelWithDebInfo\"; then :
  cd /Users/jamespearce/gamecube/SDL/Builds/JUCE
  /usr/local/Cellar/cmake/3.28.2/bin/cmake -DBUILD_TYPE=$CONFIGURATION$EFFECTIVE_PLATFORM_NAME -P cmake_install.cmake
fi
";
			showEnvVarsInLog = 0;
		};
		9B50530E35CC49C82C2FACCF = {
			isa = PBXShellScriptBuildPhase;
			buildActionMask = 2147483647;
			files = (
			);
			inputPaths = (
			);
			outputPaths = (
			);
			runOnlyForDeploymentPostprocessing = 0;
			shellPath = /bin/sh;
			shellScript = "# shell script goes here
exit 0";
			showEnvVarsInLog = 0;
		};
		CBF11F1DF103EB1F18CC34CE /* Generate CMakeFiles/ALL_BUILD */ = {
			isa = PBXShellScriptBuildPhase;
			alwaysOutOfDate = 1;
			buildActionMask = 2147483647;
			files = (
			);
			inputPaths = (
			);
			name = "Generate CMakeFiles/ALL_BUILD";
			outputPaths = (
/Users/jamespearce/gamecube/SDL/Builds/JUCE/CMakeFiles/ALL_BUILD			);
			runOnlyForDeploymentPostprocessing = 0;
			shellPath = /bin/sh;
			shellScript = "set -e
if test \"$CONFIGURATION\" = \"Debug\"; then :
  cd /Users/jamespearce/gamecube/SDL/Builds/JUCE
  echo Build\\ all\\ projects
fi
if test \"$CONFIGURATION\" = \"Release\"; then :
  cd /Users/jamespearce/gamecube/SDL/Builds/JUCE
  echo Build\\ all\\ projects
fi
if test \"$CONFIGURATION\" = \"MinSizeRel\"; then :
  cd /Users/jamespearce/gamecube/SDL/Builds/JUCE
  echo Build\\ all\\ projects
fi
if test \"$CONFIGURATION\" = \"RelWithDebInfo\"; then :
  cd /Users/jamespearce/gamecube/SDL/Builds/JUCE
  echo Build\\ all\\ projects
fi
";
			showEnvVarsInLog = 0;
		};
/* End PBXShellScriptBuildPhase section */

/* Begin PBXTargetDependency section */
		42124EA704AF4CEF9C475110 /* PBXTargetDependency */ = {
			isa = PBXTargetDependency;
			target = 746B8765C86343A8B30C28E4 /* ZERO_CHECK */;
			targetProxy = C5259710E39C4648B854108A /* PBXContainerItemProxy */;
		};
		5669C12CCA834E179DB33B7E /* PBXTargetDependency */ = {
			isa = PBXTargetDependency;
			target = 05BA05DFA100429CBBEF216E /* ALL_BUILD */;
			targetProxy = 60853DBA47494DBC92E20204 /* PBXContainerItemProxy */;
		};
/* End PBXTargetDependency section */

/* Begin XCBuildConfiguration section */
		0843165FCBF5481C8C34AB00 /* MinSizeRel */ = {
			isa = XCBuildConfiguration;
			buildSettings = {
				ALWAYS_SEARCH_USER_PATHS = NO;
				COMBINE_HIDPI_IMAGES = YES;
				GCC_GENERATE_DEBUGGING_SYMBOLS = YES;
				GCC_INLINES_ARE_PRIVATE_EXTERN = NO;
				GCC_OPTIMIZATION_LEVEL = 0;
				GCC_PREPROCESSOR_DEFINITIONS = ("'CMAKE_INTDIR=\"$(CONFIGURATION)$(EFFECTIVE_PLATFORM_NAME)\"'","$(inherited)");
				GCC_SYMBOLS_PRIVATE_EXTERN = NO;
				INSTALL_PATH = "";
				OTHER_LDFLAGS = ("","$(inherited)");
				OTHER_REZFLAGS = "";
				PRODUCT_NAME = ZERO_CHECK;
				SECTORDER_FLAGS = "";
				USE_HEADERMAP = NO;
				WARNING_CFLAGS = ("$(inherited)");
			};
			name = MinSizeRel;
		};
		3FBA4994D00C4622A5D0A5E0 /* RelWithDebInfo */ = {
			isa = XCBuildConfiguration;
			buildSettings = {
				ALWAYS_SEARCH_USER_PATHS = NO;
				COMBINE_HIDPI_IMAGES = YES;
				GCC_GENERATE_DEBUGGING_SYMBOLS = YES;
				GCC_INLINES_ARE_PRIVATE_EXTERN = NO;
				GCC_OPTIMIZATION_LEVEL = 0;
				GCC_PREPROCESSOR_DEFINITIONS = ("'CMAKE_INTDIR=\"$(CONFIGURATION)$(EFFECTIVE_PLATFORM_NAME)\"'","$(inherited)");
				GCC_SYMBOLS_PRIVATE_EXTERN = NO;
				INSTALL_PATH = "";
				OTHER_LDFLAGS = ("","$(inherited)");
				OTHER_REZFLAGS = "";
				PRODUCT_NAME = ALL_BUILD;
				SECTORDER_FLAGS = "";
				USE_HEADERMAP = NO;
				WARNING_CFLAGS = ("$(inherited)");
			};
			name = RelWithDebInfo;
		};
		492187B4BD184E16BCE3DAB4 /* Release */ = {
			isa = XCBuildConfiguration;
			buildSettings = {
				ALWAYS_SEARCH_USER_PATHS = NO;
				COMBINE_HIDPI_IMAGES = YES;
				GCC_GENERATE_DEBUGGING_SYMBOLS = YES;
				GCC_INLINES_ARE_PRIVATE_EXTERN = NO;
				GCC_OPTIMIZATION_LEVEL = 0;
				GCC_PREPROCESSOR_DEFINITIONS = ("'CMAKE_INTDIR=\"$(CONFIGURATION)$(EFFECTIVE_PLATFORM_NAME)\"'","$(inherited)");
				GCC_SYMBOLS_PRIVATE_EXTERN = NO;
				INSTALL_PATH = "";
				OTHER_LDFLAGS = ("","$(inherited)");
				OTHER_REZFLAGS = "";
				PRODUCT_NAME = install;
				SECTORDER_FLAGS = "";
				USE_HEADERMAP = NO;
				WARNING_CFLAGS = ("$(inherited)");
			};
			name = Release;
		};
		54540C052FBF4CD095C214E1 /* Debug */ = {
			isa = XCBuildConfiguration;
			buildSettings = {
				ALWAYS_SEARCH_USER_PATHS = NO;
				COMBINE_HIDPI_IMAGES = YES;
				GCC_GENERATE_DEBUGGING_SYMBOLS = YES;
				GCC_INLINES_ARE_PRIVATE_EXTERN = NO;
				GCC_OPTIMIZATION_LEVEL = 0;
				GCC_PREPROCESSOR_DEFINITIONS = ("'CMAKE_INTDIR=\"$(CONFIGURATION)$(EFFECTIVE_PLATFORM_NAME)\"'","$(inherited)");
				GCC_SYMBOLS_PRIVATE_EXTERN = NO;
				INSTALL_PATH = "";
				OTHER_LDFLAGS = ("","$(inherited)");
				OTHER_REZFLAGS = "";
				PRODUCT_NAME = ALL_BUILD;
				SECTORDER_FLAGS = "";
				USE_HEADERMAP = NO;
				WARNING_CFLAGS = ("$(inherited)");
			};
			name = Debug;
		};
		87C0AFEA94A94BB6BDC39B36 /* Debug */ = {
			isa = XCBuildConfiguration;
			buildSettings = {
				ALWAYS_SEARCH_USER_PATHS = NO;
				COMBINE_HIDPI_IMAGES = YES;
				GCC_GENERATE_DEBUGGING_SYMBOLS = YES;
				GCC_INLINES_ARE_PRIVATE_EXTERN = NO;
				GCC_OPTIMIZATION_LEVEL = 0;
				GCC_PREPROCESSOR_DEFINITIONS = ("'CMAKE_INTDIR=\"$(CONFIGURATION)$(EFFECTIVE_PLATFORM_NAME)\"'","$(inherited)");
				GCC_SYMBOLS_PRIVATE_EXTERN = NO;
				INSTALL_PATH = "";
				OTHER_LDFLAGS = ("","$(inherited)");
				OTHER_REZFLAGS = "";
				PRODUCT_NAME = ZERO_CHECK;
				SECTORDER_FLAGS = "";
				USE_HEADERMAP = NO;
				WARNING_CFLAGS = ("$(inherited)");
			};
			name = Debug;
		};
		8ECCA109793545A391598AE3 /* Release */ = {
			isa = XCBuildConfiguration;
			buildSettings = {
				ALWAYS_SEARCH_USER_PATHS = NO;
				COMBINE_HIDPI_IMAGES = YES;
				GCC_GENERATE_DEBUGGING_SYMBOLS = YES;
				GCC_INLINES_ARE_PRIVATE_EXTERN = NO;
				GCC_OPTIMIZATION_LEVEL = 0;
				GCC_PREPROCESSOR_DEFINITIONS = ("'CMAKE_INTDIR=\"$(CONFIGURATION)$(EFFECTIVE_PLATFORM_NAME)\"'","$(inherited)");
				GCC_SYMBOLS_PRIVATE_EXTERN = NO;
				INSTALL_PATH = "";
				OTHER_LDFLAGS = ("","$(inherited)");
				OTHER_REZFLAGS = "";
				PRODUCT_NAME = ZERO_CHECK;
				SECTORDER_FLAGS = "";
				USE_HEADERMAP = NO;
				WARNING_CFLAGS = ("$(inherited)");
			};
			name = Release;
		};
		971B96489D284B1C8E69BF0E /* Release */ = {
			isa = XCBuildConfiguration;
			buildSettings = {
				ALWAYS_SEARCH_USER_PATHS = NO;
				COMBINE_HIDPI_IMAGES = YES;
				GCC_GENERATE_DEBUGGING_SYMBOLS = YES;
				GCC_INLINES_ARE_PRIVATE_EXTERN = NO;
				GCC_OPTIMIZATION_LEVEL = 0;
				GCC_PREPROCESSOR_DEFINITIONS = ("'CMAKE_INTDIR=\"$(CONFIGURATION)$(EFFECTIVE_PLATFORM_NAME)\"'","$(inherited)");
				GCC_SYMBOLS_PRIVATE_EXTERN = NO;
				INSTALL_PATH = "";
				OTHER_LDFLAGS = ("","$(inherited)");
				OTHER_REZFLAGS = "";
				PRODUCT_NAME = ALL_BUILD;
				SECTORDER_FLAGS = "";
				USE_HEADERMAP = NO;
				WARNING_CFLAGS = ("$(inherited)");
			};
			name = Release;
		};
		9F3CDC6D710541CFA6975861 /* RelWithDebInfo */ = {
			isa = XCBuildConfiguration;
			buildSettings = {
				ARCHS = "$(NATIVE_ARCH_ACTUAL)";
				MACOSX_DEPLOYMENT_TARGET = 13.6;
				ONLY_ACTIVE_ARCH = YES;
				SDKROOT = /Applications/Xcode.app/Contents/Developer/Platforms/MacOSX.platform/Developer/SDKs/MacOSX14.2.sdk;
				SWIFT_COMPILATION_MODE = wholemodule;
				SYMROOT = /Users/jamespearce/gamecube/SDL/Builds/build;
			};
			name = RelWithDebInfo;
		};
		A70AB79B50294057BC2DC127 /* Release */ = {
			isa = XCBuildConfiguration;
			buildSettings = {
				ARCHS = "$(NATIVE_ARCH_ACTUAL)";
				MACOSX_DEPLOYMENT_TARGET = 13.6;
				ONLY_ACTIVE_ARCH = YES;
				SDKROOT = /Applications/Xcode.app/Contents/Developer/Platforms/MacOSX.platform/Developer/SDKs/MacOSX14.2.sdk;
				SWIFT_COMPILATION_MODE = wholemodule;
				SYMROOT = /Users/jamespearce/gamecube/SDL/Builds/build;
			};
			name = Release;
		};
		A9166DDEDB844E69A2320429 /* RelWithDebInfo */ = {
			isa = XCBuildConfiguration;
			buildSettings = {
				ALWAYS_SEARCH_USER_PATHS = NO;
				COMBINE_HIDPI_IMAGES = YES;
				GCC_GENERATE_DEBUGGING_SYMBOLS = YES;
				GCC_INLINES_ARE_PRIVATE_EXTERN = NO;
				GCC_OPTIMIZATION_LEVEL = 0;
				GCC_PREPROCESSOR_DEFINITIONS = ("'CMAKE_INTDIR=\"$(CONFIGURATION)$(EFFECTIVE_PLATFORM_NAME)\"'","$(inherited)");
				GCC_SYMBOLS_PRIVATE_EXTERN = NO;
				INSTALL_PATH = "";
				OTHER_LDFLAGS = ("","$(inherited)");
				OTHER_REZFLAGS = "";
				PRODUCT_NAME = install;
				SECTORDER_FLAGS = "";
				USE_HEADERMAP = NO;
				WARNING_CFLAGS = ("$(inherited)");
			};
			name = RelWithDebInfo;
		};
		B2BE47B7883B451BACC9BD63 /* MinSizeRel */ = {
			isa = XCBuildConfiguration;
			buildSettings = {
				ALWAYS_SEARCH_USER_PATHS = NO;
				COMBINE_HIDPI_IMAGES = YES;
				GCC_GENERATE_DEBUGGING_SYMBOLS = YES;
				GCC_INLINES_ARE_PRIVATE_EXTERN = NO;
				GCC_OPTIMIZATION_LEVEL = 0;
				GCC_PREPROCESSOR_DEFINITIONS = ("'CMAKE_INTDIR=\"$(CONFIGURATION)$(EFFECTIVE_PLATFORM_NAME)\"'","$(inherited)");
				GCC_SYMBOLS_PRIVATE_EXTERN = NO;
				INSTALL_PATH = "";
				OTHER_LDFLAGS = ("","$(inherited)");
				OTHER_REZFLAGS = "";
				PRODUCT_NAME = ALL_BUILD;
				SECTORDER_FLAGS = "";
				USE_HEADERMAP = NO;
				WARNING_CFLAGS = ("$(inherited)");
			};
			name = MinSizeRel;
		};
		C9FD8C53931D44CA9C39BCC6 /* Debug */ = {
			isa = XCBuildConfiguration;
			buildSettings = {
				ALWAYS_SEARCH_USER_PATHS = NO;
				COMBINE_HIDPI_IMAGES = YES;
				GCC_GENERATE_DEBUGGING_SYMBOLS = YES;
				GCC_INLINES_ARE_PRIVATE_EXTERN = NO;
				GCC_OPTIMIZATION_LEVEL = 0;
				GCC_PREPROCESSOR_DEFINITIONS = ("'CMAKE_INTDIR=\"$(CONFIGURATION)$(EFFECTIVE_PLATFORM_NAME)\"'","$(inherited)");
				GCC_SYMBOLS_PRIVATE_EXTERN = NO;
				INSTALL_PATH = "";
				OTHER_LDFLAGS = ("","$(inherited)");
				OTHER_REZFLAGS = "";
				PRODUCT_NAME = install;
				SECTORDER_FLAGS = "";
				USE_HEADERMAP = NO;
				WARNING_CFLAGS = ("$(inherited)");
			};
			name = Debug;
		};
		CB085432AD9F444FB80F0EFC /* MinSizeRel */ = {
			isa = XCBuildConfiguration;
			buildSettings = {
				ARCHS = "$(NATIVE_ARCH_ACTUAL)";
				MACOSX_DEPLOYMENT_TARGET = 13.6;
				ONLY_ACTIVE_ARCH = YES;
				SDKROOT = /Applications/Xcode.app/Contents/Developer/Platforms/MacOSX.platform/Developer/SDKs/MacOSX14.2.sdk;
				SWIFT_COMPILATION_MODE = wholemodule;
				SYMROOT = /Users/jamespearce/gamecube/SDL/Builds/build;
			};
			name = MinSizeRel;
		};
		CC582C23D1E047128A1BB477 /* MinSizeRel */ = {
			isa = XCBuildConfiguration;
			buildSettings = {
				ALWAYS_SEARCH_USER_PATHS = NO;
				COMBINE_HIDPI_IMAGES = YES;
				GCC_GENERATE_DEBUGGING_SYMBOLS = YES;
				GCC_INLINES_ARE_PRIVATE_EXTERN = NO;
				GCC_OPTIMIZATION_LEVEL = 0;
				GCC_PREPROCESSOR_DEFINITIONS = ("'CMAKE_INTDIR=\"$(CONFIGURATION)$(EFFECTIVE_PLATFORM_NAME)\"'","$(inherited)");
				GCC_SYMBOLS_PRIVATE_EXTERN = NO;
				INSTALL_PATH = "";
				OTHER_LDFLAGS = ("","$(inherited)");
				OTHER_REZFLAGS = "";
				PRODUCT_NAME = install;
				SECTORDER_FLAGS = "";
				USE_HEADERMAP = NO;
				WARNING_CFLAGS = ("$(inherited)");
			};
			name = MinSizeRel;
		};
		DB0DA477163A4205BC904287 /* Debug */ = {
			isa = XCBuildConfiguration;
			buildSettings = {
				ARCHS = "$(NATIVE_ARCH_ACTUAL)";
				MACOSX_DEPLOYMENT_TARGET = 13.6;
				ONLY_ACTIVE_ARCH = YES;
				SDKROOT = /Applications/Xcode.app/Contents/Developer/Platforms/MacOSX.platform/Developer/SDKs/MacOSX14.2.sdk;
				SYMROOT = /Users/jamespearce/gamecube/SDL/Builds/build;
			};
			name = Debug;
		};
		DDAA68CE21BA484682A0862F /* RelWithDebInfo */ = {
			isa = XCBuildConfiguration;
			buildSettings = {
				ALWAYS_SEARCH_USER_PATHS = NO;
				COMBINE_HIDPI_IMAGES = YES;
				GCC_GENERATE_DEBUGGING_SYMBOLS = YES;
				GCC_INLINES_ARE_PRIVATE_EXTERN = NO;
				GCC_OPTIMIZATION_LEVEL = 0;
				GCC_PREPROCESSOR_DEFINITIONS = ("'CMAKE_INTDIR=\"$(CONFIGURATION)$(EFFECTIVE_PLATFORM_NAME)\"'","$(inherited)");
				GCC_SYMBOLS_PRIVATE_EXTERN = NO;
				INSTALL_PATH = "";
				OTHER_LDFLAGS = ("","$(inherited)");
				OTHER_REZFLAGS = "";
				PRODUCT_NAME = ZERO_CHECK;
				SECTORDER_FLAGS = "";
				USE_HEADERMAP = NO;
				WARNING_CFLAGS = ("$(inherited)");
			};
			name = RelWithDebInfo;
		};
/* End XCBuildConfiguration section */

/* Begin XCConfigurationList section */
		5E785B6F8DD94D978A67DAC3 /* Build configuration list for PBXAggregateTarget "install" */ = {
			isa = XCConfigurationList;
			buildConfigurations = (
				C9FD8C53931D44CA9C39BCC6 /* Debug */,
				492187B4BD184E16BCE3DAB4 /* Release */,
				CC582C23D1E047128A1BB477 /* MinSizeRel */,
				A9166DDEDB844E69A2320429 /* RelWithDebInfo */,
			);
			defaultConfigurationIsVisible = 0;
			defaultConfigurationName = Debug;
		};
		7C5B9A90B82F43CCA4176988 /* Build configuration list for PBXAggregateTarget "ZERO_CHECK" */ = {
			isa = XCConfigurationList;
			buildConfigurations = (
				87C0AFEA94A94BB6BDC39B36 /* Debug */,
				8ECCA109793545A391598AE3 /* Release */,
				0843165FCBF5481C8C34AB00 /* MinSizeRel */,
				DDAA68CE21BA484682A0862F /* RelWithDebInfo */,
			);
			defaultConfigurationIsVisible = 0;
			defaultConfigurationName = Debug;
		};
		E058A1D9EFEC43938F77AE93 /* Build configuration list for PBXAggregateTarget "ALL_BUILD" */ = {
			isa = XCConfigurationList;
			buildConfigurations = (
				54540C052FBF4CD095C214E1 /* Debug */,
				971B96489D284B1C8E69BF0E /* Release */,
				B2BE47B7883B451BACC9BD63 /* MinSizeRel */,
				3FBA4994D00C4622A5D0A5E0 /* RelWithDebInfo */,
			);
			defaultConfigurationIsVisible = 0;
			defaultConfigurationName = Debug;
		};
		F8E0441DAFD34485B9ED93EA /* Build configuration list for PBXProject "JUCE" */ = {
			isa = XCConfigurationList;
			buildConfigurations = (
				DB0DA477163A4205BC904287 /* Debug */,
				A70AB79B50294057BC2DC127 /* Release */,
				CB085432AD9F444FB80F0EFC /* MinSizeRel */,
				9F3CDC6D710541CFA6975861 /* RelWithDebInfo */,
			);
			defaultConfigurationIsVisible = 0;
			defaultConfigurationName = Debug;
		};
/* End XCConfigurationList section */
	};
	rootObject = 88E3E2992F934244A4F51A57 /* Project object */;
}
